
Microsoft Visual Studio Solution File, Format Version 12.00
# Visual Studio Version 17
VisualStudioVersion = 17.14.36127.28
MinimumVisualStudioVersion = 10.0.40219.1
Project("{FAE04EC0-301F-11D3-BF4B-00C04F79EFBC}") = "Producer", "KafkaTest\Producer.csproj", "{C1D481E6-A7E1-4FC5-8FFF-D92E00FA1C0A}"
EndProject
Project("{FAE04EC0-301F-11D3-BF4B-00C04F79EFBC}") = "Consumer", "Consumer\Consumer.csproj", "{21F7A10F-BBA2-433B-B951-629F8162595A}"
EndProject
Project("{FAE04EC0-301F-11D3-BF4B-00C04F79EFBC}") = "ConsumerAssign", "ConsumerAssign\ConsumerAssign.csproj", "{2EA2E6E9-44BB-47D9-B36D-5A9DC0C74456}"
EndProject
Global
	GlobalSection(SolutionConfigurationPlatforms) = preSolution
		Debug|Any CPU = Debug|Any CPU
		Release|Any CPU = Release|Any CPU
	EndGlobalSection
	GlobalSection(ProjectConfigurationPlatforms) = postSolution
		{C1D481E6-A7E1-4FC5-8FFF-D92E00FA1C0A}.Debug|Any CPU.ActiveCfg = Debug|Any CPU
		{C1D481E6-A7E1-4FC5-8FFF-D92E00FA1C0A}.Debug|Any CPU.Build.0 = Debug|Any CPU
		{C1D481E6-A7E1-4FC5-8FFF-D92E00FA1C0A}.Release|Any CPU.ActiveCfg = Release|Any CPU
		{C1D481E6-A7E1-4FC5-8FFF-D92E00FA1C0A}.Release|Any CPU.Build.0 = Release|Any CPU
		{21F7A10F-BBA2-433B-B951-629F8162595A}.Debug|Any CPU.ActiveCfg = Debug|Any CPU
		{21F7A10F-BBA2-433B-B951-629F8162595A}.Debug|Any CPU.Build.0 = Debug|Any CPU
		{21F7A10F-BBA2-433B-B951-629F8162595A}.Release|Any CPU.ActiveCfg = Release|Any CPU
		{21F7A10F-BBA2-433B-B951-629F8162595A}.Release|Any CPU.Build.0 = Release|Any CPU
		{2EA2E6E9-44BB-47D9-B36D-5A9DC0C74456}.Debug|Any CPU.ActiveCfg = Debug|Any CPU
		{2EA2E6E9-44BB-47D9-B36D-5A9DC0C74456}.Debug|Any CPU.Build.0 = Debug|Any CPU
		{2EA2E6E9-44BB-47D9-B36D-5A9DC0C74456}.Release|Any CPU.ActiveCfg = Release|Any CPU
		{2EA2E6E9-44BB-47D9-B36D-5A9DC0C74456}.Release|Any CPU.Build.0 = Release|Any CPU
	EndGlobalSection
	GlobalSection(SolutionProperties) = preSolution
		HideSolutionNode = FALSE
	EndGlobalSection
	GlobalSection(ExtensibilityGlobals) = postSolution
		SolutionGuid = {57E96CDC-8C66-47D9-BF41-0BDC8DDB3B95}
	EndGlobalSection
EndGlobal
